<?xml version="1.0" encoding="utf-8"?>
<Project ToolsVersion="4.0" xmlns="http://schemas.microsoft.com/developer/msbuild/2003">
  <ItemGroup>
    <ClCompile Include="game\blaise_game.cpp">
      <Filter>game</Filter>
    </ClCompile>
    <ClCompile Include="game\blaise_gen.cpp">
      <Filter>game</Filter>
    </ClCompile>
    <ClCompile Include="main.cpp" />
  </ItemGroup>
  <ItemGroup>
    <ClInclude Include="game\blaise_game.h">
      <Filter>game</Filter>
    </ClInclude>
    <ClInclude Include="game\blaise_gen.h">
      <Filter>game</Filter>
    </ClInclude>
    <ClInclude Include="main.h" />
  </ItemGroup>
  <ItemGroup>
    <Filter Include="game">
      <UniqueIdentifier>{d14d59e0-2a98-4f3c-a73f-e85e9bb252cc}</UniqueIdentifier>
    </Filter>
  </ItemGroup>
  <ItemGroup>
    <None Include="..\..\README.md" />
  </ItemGroup>
</Project>