<?xml version="1.0" encoding="utf-8"?>
<Project ToolsVersion="4.0" xmlns="http://schemas.microsoft.com/developer/msbuild/2003">
  <ItemGroup>
    <Filter Include="renderer">
      <UniqueIdentifier>{8788e53e-fbfd-40b6-9abc-d1ee96d1dea1}</UniqueIdentifier>
    </Filter>
    <Filter Include="core">
      <UniqueIdentifier>{ffbe0949-d1a7-4c60-abc0-c59398405989}</UniqueIdentifier>
    </Filter>
    <Filter Include="math">
      <UniqueIdentifier>{e067881b-c244-4481-8f00-1bc5f2305138}</UniqueIdentifier>
    </Filter>
    <Filter Include="app">
      <UniqueIdentifier>{416f71af-0da3-49fa-b66f-89754a1c56d6}</UniqueIdentifier>
    </Filter>
    <Filter Include="editor">
      <UniqueIdentifier>{55dc3c1b-fe30-42a0-a860-1d8b1c1a854f}</UniqueIdentifier>
    </Filter>
    <Filter Include="editor\Widgets">
      <UniqueIdentifier>{59266cd8-b001-4081-98e0-7a7cdf136d84}</UniqueIdentifier>
    </Filter>
    <Filter Include="game">
      <UniqueIdentifier>{d6570d8e-1fa8-449a-b504-bd98f768488c}</UniqueIdentifier>
    </Filter>
    <Filter Include="renderer\d3d12">
      <UniqueIdentifier>{1cc76160-4ee5-4c14-8e93-9023f577e415}</UniqueIdentifier>
    </Filter>
    <Filter Include="renderer\d3d12\D3D">
      <UniqueIdentifier>{54577363-fd50-45b7-85cf-78fa7fd505da}</UniqueIdentifier>
    </Filter>
    <Filter Include="renderer\vk">
      <UniqueIdentifier>{c7f100c5-c033-4d49-aed5-f2506ba0e695}</UniqueIdentifier>
    </Filter>
    <Filter Include="renderer\sw">
      <UniqueIdentifier>{dfe64e33-b0bc-42fe-bfc0-eaa6fc996740}</UniqueIdentifier>
    </Filter>
    <Filter Include="sound">
      <UniqueIdentifier>{37af9fba-f67c-40ef-bb94-29667dcb956c}</UniqueIdentifier>
    </Filter>
    <Filter Include="game\components">
      <UniqueIdentifier>{b2e95899-c35e-4ebe-8295-d67321545428}</UniqueIdentifier>
    </Filter>
    <Filter Include="assets">
      <UniqueIdentifier>{535d2066-f6f0-482f-b739-b3e0ddb6c16a}</UniqueIdentifier>
    </Filter>
    <Filter Include="collision">
      <UniqueIdentifier>{9c15a91c-7cfa-4e86-8c13-b2f43be3dacb}</UniqueIdentifier>
    </Filter>
    <Filter Include="external">
      <UniqueIdentifier>{b51e8df3-a23d-4a93-ab46-44c56264d84d}</UniqueIdentifier>
    </Filter>
    <Filter Include="external\imgui">
      <UniqueIdentifier>{a4b1f0d1-5e3e-4e2a-9c0a-2e6a2f1c8e11}</UniqueIdentifier>
    </Filter>
    <Filter Include="external\imgui\backends">
      <UniqueIdentifier>{c2d3a5f7-6a1b-4c9d-8f2e-3b7d4e9a0c22}</UniqueIdentifier>
    </Filter>
  </ItemGroup>
  <ItemGroup>
    <ClInclude Include="renderer\model.h">
      <Filter>renderer</Filter>
    </ClInclude>
    <ClInclude Include="core\blk_core.h">
      <Filter>core</Filter>
    </ClInclude>
    <ClInclude Include="math\quaternion.h">
      <Filter>math</Filter>
    </ClInclude>
    <ClInclude Include="math\matrix.h">
      <Filter>math</Filter>
    </ClInclude>
    <ClInclude Include="app\app.h">
      <Filter>app</Filter>
    </ClInclude>
    <ClInclude Include="editor\kbEditor.h">
      <Filter>editor</Filter>
    </ClInclude>
    <ClInclude Include="editor\kbWidget.h">
      <Filter>editor\Widgets</Filter>
    </ClInclude>
    <ClInclude Include="editor\kbMainTab.h">
      <Filter>editor\Widgets</Filter>
    </ClInclude>
    <ClInclude Include="editor\kbWidgetCBObjects.h">
      <Filter>editor\Widgets</Filter>
    </ClInclude>
    <ClInclude Include="game\entity.h">
      <Filter>game</Filter>
    </ClInclude>
    <ClInclude Include="game\type_info.h">
      <Filter>game</Filter>
    </ClInclude>
    <ClInclude Include="editor\kbManipulator.h">
      <Filter>editor\Widgets</Filter>
    </ClInclude>
    <ClInclude Include="editor\kbEditorEntity.h">
      <Filter>editor\Widgets</Filter>
    </ClInclude>
    <ClInclude Include="renderer\material.h">
      <Filter>renderer</Filter>
    </ClInclude>
    <ClInclude Include="editor\kbPropertiesTab.h">
      <Filter>editor\Widgets</Filter>
    </ClInclude>
    <ClInclude Include="game\entity_header.h">
      <Filter>game</Filter>
    </ClInclude>
    <ClInclude Include="game\type_info_generated.h">
      <Filter>game</Filter>
    </ClInclude>
    <ClInclude Include="math\blk_math.h">
      <Filter>math</Filter>
    </ClInclude>
    <ClInclude Include="game\file.h">
      <Filter>game</Filter>
    </ClInclude>
    <ClInclude Include="game\game.h">
      <Filter>game</Filter>
    </ClInclude>
    <ClInclude Include="game\camera.h">
      <Filter>game</Filter>
    </ClInclude>
    <ClInclude Include="game\job_manager.h">
      <Filter>core</Filter>
    </ClInclude>
    <ClInclude Include="game\resource_manager.h">
      <Filter>game</Filter>
    </ClInclude>
    <ClInclude Include="core\blk_string.h">
      <Filter>core</Filter>
    </ClInclude>
    <ClInclude Include="editor\kbUndoAction.h">
      <Filter>editor</Filter>
    </ClInclude>
    <ClInclude Include="core\blk_console.h">
      <Filter>core</Filter>
    </ClInclude>
    <ClInclude Include="game\collision_manager.h">
      <Filter>game</Filter>
    </ClInclude>
    <ClInclude Include="math\plane3d.h">
      <Filter>math</Filter>
    </ClInclude>
    <ClInclude Include="game\input_manager.h">
      <Filter>core</Filter>
    </ClInclude>
    <ClInclude Include="sound\sound_manager.h">
      <Filter>sound</Filter>
    </ClInclude>
    <ClInclude Include="sound\sound_component.h">
      <Filter>sound</Filter>
    </ClInclude>
    <ClInclude Include="game\particle_component.h">
      <Filter>game\components</Filter>
    </ClInclude>
    <ClInclude Include="game\model_component.h">
      <Filter>game\components</Filter>
    </ClInclude>
    <ClInclude Include="game\terrain_component.h">
      <Filter>game\components</Filter>
    </ClInclude>
    <ClInclude Include="game\component.h">
      <Filter>game\components</Filter>
    </ClInclude>
    <ClInclude Include="game\cloth_component.h">
      <Filter>game\components</Filter>
    </ClInclude>
    <ClInclude Include="game\debug_component.h">
      <Filter>game\components</Filter>
    </ClInclude>
    <ClInclude Include="game\level_component.h">
      <Filter>game\components</Filter>
    </ClInclude>
    <ClInclude Include="game\level_director.h">
      <Filter>game\components</Filter>
    </ClInclude>
    <ClInclude Include="game\ui_component.h">
      <Filter>game\components</Filter>
    </ClInclude>
    <ClInclude Include="renderer\d3d12\d3d12_defs.h">
      <Filter>renderer\d3d12</Filter>
    </ClInclude>
    <ClInclude Include="renderer\render_defs.h">
      <Filter>renderer</Filter>
    </ClInclude>
    <ClInclude Include="renderer\renderer.h" />
    <ClInclude Include="renderer\renderer_factory.h" />
    <ClInclude Include="core\blk_containers.h" />
    <ClInclude Include="game\render_component.h" />
    <ClInclude Include="game\breakable_component.h" />
    <ClInclude Include="game\light_component.h" />
    <ClInclude Include="renderer\d3d12\dxtk\GraphicsMemory.h">
      <Filter>renderer\d3d12\D3D</Filter>
    </ClInclude>
    <ClInclude Include="renderer\d3d12\dx12\d3d12.h">
      <Filter>renderer\d3d12\D3D</Filter>
    </ClInclude>
    <ClInclude Include="renderer\d3d12\dx12\d3d12compatibility.h">
      <Filter>renderer\d3d12\D3D</Filter>
    </ClInclude>
    <ClInclude Include="renderer\d3d12\dx12\d3d12sdklayers.h">
      <Filter>renderer\d3d12\D3D</Filter>
    </ClInclude>
    <ClInclude Include="renderer\d3d12\dx12\d3d12shader.h">
      <Filter>renderer\d3d12\D3D</Filter>
    </ClInclude>
    <ClInclude Include="renderer\d3d12\dx12\D3D12TokenizedProgramFormat.hpp">
      <Filter>renderer\d3d12\D3D</Filter>
    </ClInclude>
    <ClInclude Include="renderer\d3d12\dx12\d3d12video.h">
      <Filter>renderer\d3d12\D3D</Filter>
    </ClInclude>
    <ClInclude Include="renderer\d3d12\dx12\d3dcommon.h">
      <Filter>renderer\d3d12\D3D</Filter>
    </ClInclude>
    <ClInclude Include="renderer\d3d12\dx12\d3dx12.h">
      <Filter>renderer\d3d12\D3D</Filter>
    </ClInclude>
    <ClInclude Include="renderer\d3d12\dx12\d3dx12_barriers.h">
      <Filter>renderer\d3d12\D3D</Filter>
    </ClInclude>
    <ClInclude Include="renderer\d3d12\dx12\d3dx12_check_feature_support.h">
      <Filter>renderer\d3d12\D3D</Filter>
    </ClInclude>
    <ClInclude Include="renderer\d3d12\dx12\d3dx12_core.h">
      <Filter>renderer\d3d12\D3D</Filter>
    </ClInclude>
    <ClInclude Include="renderer\d3d12\dx12\d3dx12_default.h">
      <Filter>renderer\d3d12\D3D</Filter>
    </ClInclude>
    <ClInclude Include="renderer\d3d12\dx12\d3dx12_pipeline_state_stream.h">
      <Filter>renderer\d3d12\D3D</Filter>
    </ClInclude>
    <ClInclude Include="renderer\d3d12\dx12\d3dx12_property_format_table.h">
      <Filter>renderer\d3d12\D3D</Filter>
    </ClInclude>
    <ClInclude Include="renderer\d3d12\dx12\d3dx12_render_pass.h">
      <Filter>renderer\d3d12\D3D</Filter>
    </ClInclude>
    <ClInclude Include="renderer\d3d12\dx12\d3dx12_resource_helpers.h">
      <Filter>renderer\d3d12\D3D</Filter>
    </ClInclude>
    <ClInclude Include="renderer\d3d12\dx12\d3dx12_root_signature.h">
      <Filter>renderer\d3d12\D3D</Filter>
    </ClInclude>
    <ClInclude Include="renderer\d3d12\dx12\d3dx12_state_object.h">
      <Filter>renderer\d3d12\D3D</Filter>
    </ClInclude>
    <ClInclude Include="renderer\d3d12\dxtk\DDS.h">
      <Filter>renderer\d3d12\D3D</Filter>
    </ClInclude>
    <ClInclude Include="renderer\d3d12\dxtk\DDSTextureLoader12.h">
      <Filter>renderer\d3d12\D3D</Filter>
    </ClInclude>
    <ClInclude Include="renderer\d3d12\dx12\DirectML.h">
      <Filter>renderer\d3d12\D3D</Filter>
    </ClInclude>
    <ClInclude Include="renderer\d3d12\dxtk\DirectXHelpers.h">
      <Filter>renderer\d3d12\D3D</Filter>
    </ClInclude>
    <ClInclude Include="renderer\d3d12\dx12\dxcore.h">
      <Filter>renderer\d3d12\D3D</Filter>
    </ClInclude>
    <ClInclude Include="renderer\d3d12\dx12\dxcore_interface.h">
      <Filter>renderer\d3d12\D3D</Filter>
    </ClInclude>
    <ClInclude Include="renderer\d3d12\dx12\dxgicommon.h">
      <Filter>renderer\d3d12\D3D</Filter>
    </ClInclude>
    <ClInclude Include="renderer\d3d12\dx12\dxgiformat.h">
      <Filter>renderer\d3d12\D3D</Filter>
    </ClInclude>
    <ClInclude Include="renderer\vk\vk_defs.h">
      <Filter>renderer\vk</Filter>
    </ClInclude>
    <ClInclude Include="renderer\vk\renderer_vk.h">
      <Filter>renderer\vk</Filter>
    </ClInclude>
    <ClInclude Include="renderer\sw\sw_defs.h">
      <Filter>renderer\sw</Filter>
    </ClInclude>
    <ClInclude Include="renderer\sw\renderer_sw.h">
      <Filter>renderer\sw</Filter>
    </ClInclude>
    <ClInclude Include="renderer\d3d12\renderer_dx12.h">
      <Filter>renderer\d3d12</Filter>
    </ClInclude>
    <ClInclude Include="renderer\d3d12\dxtk\PlatformHelpers.h">
      <Filter>renderer\d3d12\D3D</Filter>
    </ClInclude>
    <ClInclude Include="renderer\d3d12\dxtk\pch.h">
      <Filter>renderer\d3d12\D3D</Filter>
    </ClInclude>
    <ClInclude Include="renderer\d3d12\dxtk\LoaderHelpers.h">
      <Filter>renderer\d3d12\D3D</Filter>
    </ClInclude>
    <ClInclude Include="collision\bounds.h">
      <Filter>collision</Filter>
    </ClInclude>
    <ClInclude Include="collision\intersection_tests.h">
      <Filter>collision</Filter>
    </ClInclude>
    <ClInclude Include="collision\octree.h">
      <Filter>collision</Filter>
    </ClInclude>
    <ClInclude Include="editor\ResourceTab.h" />
    <ClInclude Include="game\gaussian_splat.h">
      <Filter>game\components</Filter>
    </ClInclude>
    <ClInclude Include="External\imgui\imconfig.h">
      <Filter>external\imgui</Filter>
    </ClInclude>
    <ClInclude Include="External\imgui\imgui.h">
      <Filter>external\imgui</Filter>
    </ClInclude>
    <ClInclude Include="External\imgui\imgui_internal.h">
      <Filter>external\imgui</Filter>
    </ClInclude>
    <ClInclude Include="External\imgui\imstb_rectpack.h">
      <Filter>external\imgui</Filter>
    </ClInclude>
    <ClInclude Include="External\imgui\imstb_textedit.h">
      <Filter>external\imgui</Filter>
    </ClInclude>
    <ClInclude Include="External\imgui\imstb_truetype.h">
      <Filter>external\imgui</Filter>
    </ClInclude>
    <ClInclude Include="External\imgui\backends\imgui_impl_win32.h">
      <Filter>external\imgui\backends</Filter>
    </ClInclude>
    <ClInclude Include="External\imgui\backends\imgui_impl_dx12.h">
      <Filter>external\imgui\backends</Filter>
    </ClInclude>
  </ItemGroup>
  <ItemGroup>
    <ClCompile Include="core\blk_core.cpp">
      <Filter>core</Filter>
    </ClCompile>
    <ClCompile Include="math\quaternion.cpp">
      <Filter>math</Filter>
    </ClCompile>
    <ClCompile Include="math\matrix.cpp">
      <Filter>math</Filter>
    </ClCompile>
    <ClCompile Include="app\app.cpp">
      <Filter>app</Filter>
    </ClCompile>
    <ClCompile Include="editor\kbEditor.cpp">
      <Filter>editor</Filter>
    </ClCompile>
    <ClCompile Include="editor\kbMainTab.cpp">
      <Filter>editor\Widgets</Filter>
    </ClCompile>
    <ClCompile Include="editor\kbWidget.cpp">
      <Filter>editor\Widgets</Filter>
    </ClCompile>
    <ClCompile Include="game\entity.cpp">
      <Filter>game</Filter>
    </ClCompile>
    <ClCompile Include="game\type_info.cpp">
      <Filter>game</Filter>
    </ClCompile>
    <ClCompile Include="editor\kbManipulator.cpp">
      <Filter>editor\Widgets</Filter>
    </ClCompile>
    <ClCompile Include="editor\kbEditorEntity.cpp">
      <Filter>editor\Widgets</Filter>
    </ClCompile>
    <ClCompile Include="renderer\material.cpp">
      <Filter>renderer</Filter>
    </ClCompile>
    <ClCompile Include="editor\kbPropertiesTab.cpp">
      <Filter>editor\Widgets</Filter>
    </ClCompile>
    <ClCompile Include="math\blk_math.cpp">
      <Filter>math</Filter>
    </ClCompile>
    <ClCompile Include="game\file.cpp">
      <Filter>game</Filter>
    </ClCompile>
    <ClCompile Include="game\game.cpp">
      <Filter>game</Filter>
    </ClCompile>
    <ClCompile Include="game\camera.cpp">
      <Filter>game</Filter>
    </ClCompile>
    <ClCompile Include="game\job_manager.cpp">
      <Filter>core</Filter>
    </ClCompile>
    <ClCompile Include="game\resource_manager.cpp">
      <Filter>game</Filter>
    </ClCompile>
    <ClCompile Include="renderer\model.cpp">
      <Filter>renderer</Filter>
    </ClCompile>
    <ClCompile Include="core\blk_string.cpp">
      <Filter>core</Filter>
    </ClCompile>
    <ClCompile Include="editor\kbUndoAction.cpp">
      <Filter>editor</Filter>
    </ClCompile>
    <ClCompile Include="core\blk_console.cpp">
      <Filter>core</Filter>
    </ClCompile>
    <ClCompile Include="game\collision_manager.cpp">
      <Filter>game</Filter>
    </ClCompile>
    <ClCompile Include="math\plane3d.cpp">
      <Filter>math</Filter>
    </ClCompile>
    <ClCompile Include="game\input_manager.cpp">
      <Filter>core</Filter>
    </ClCompile>
    <ClCompile Include="sound\sound_manager.cpp">
      <Filter>sound</Filter>
    </ClCompile>
    <ClCompile Include="sound\sound_component.h.cpp">
      <Filter>sound</Filter>
    </ClCompile>
    <ClCompile Include="game\particle_component.cpp">
      <Filter>game\components</Filter>
    </ClCompile>
    <ClCompile Include="game\model_component.cpp">
      <Filter>game\components</Filter>
    </ClCompile>
    <ClCompile Include="game\terrain_component.cpp">
      <Filter>game\components</Filter>
    </ClCompile>
    <ClCompile Include="game\cloth_component.cpp">
      <Filter>game\components</Filter>
    </ClCompile>
    <ClCompile Include="game\component.cpp">
      <Filter>game\components</Filter>
    </ClCompile>
    <ClCompile Include="game\debug_component.cpp">
      <Filter>game\components</Filter>
    </ClCompile>
    <ClCompile Include="game\level_component.cpp">
      <Filter>game\components</Filter>
    </ClCompile>
    <ClCompile Include="game\level_director.cpp">
      <Filter>game\components</Filter>
    </ClCompile>
    <ClCompile Include="game\ui_component.cpp">
      <Filter>game\components</Filter>
    </ClCompile>
    <ClCompile Include="renderer\d3d12\d3d12_defs.cpp">
      <Filter>renderer\d3d12</Filter>
    </ClCompile>
    <ClCompile Include="renderer\render_defs.cpp">
      <Filter>renderer</Filter>
    </ClCompile>
    <ClCompile Include="renderer\renderer.cpp" />
    <ClCompile Include="renderer\renderer_factory.cpp" />
    <ClCompile Include="game\render_component.cpp" />
    <ClCompile Include="game\breakable_component.cpp" />
    <ClCompile Include="game\light_component.cpp" />
    <ClCompile Include="renderer\d3d12\dxtk\DDSTextureLoader12.cpp">
      <Filter>renderer\d3d12\D3D</Filter>
    </ClCompile>
    <ClCompile Include="renderer\vk\vk_defs.cpp">
      <Filter>renderer\vk</Filter>
    </ClCompile>
    <ClCompile Include="renderer\vk\renderer_vk.cpp">
      <Filter>renderer\vk</Filter>
    </ClCompile>
    <ClCompile Include="renderer\sw\sw_defs.cpp">
      <Filter>renderer\sw</Filter>
    </ClCompile>
    <ClCompile Include="renderer\sw\renderer_sw.cpp">
      <Filter>renderer\sw</Filter>
    </ClCompile>
    <ClCompile Include="renderer\d3d12\renderer_dx12.cpp">
      <Filter>renderer\d3d12</Filter>
    </ClCompile>
    <ClCompile Include="collision\intersection_tests.cpp">
      <Filter>collision</Filter>
    </ClCompile>
    <ClCompile Include="editor\ResourceTab.cpp" />
    <ClCompile Include="game\gaussian_splat.cpp">
      <Filter>game\components</Filter>
    </ClCompile>
    <ClCompile Include="renderer\d3d12\gaussian_splat_dx12.cpp">
      <Filter>renderer\d3d12</Filter>
    </ClCompile>
    <ClCompile Include="External\imgui\imgui.cpp">
      <Filter>external\imgui</Filter>
    </ClCompile>
    <ClCompile Include="External\imgui\imgui_draw.cpp">
      <Filter>external\imgui</Filter>
    </ClCompile>
    <ClCompile Include="External\imgui\imgui_tables.cpp">
      <Filter>external\imgui</Filter>
    </ClCompile>
    <ClCompile Include="External\imgui\imgui_widgets.cpp">
      <Filter>external\imgui</Filter>
    </ClCompile>
    <ClCompile Include="External\imgui\imgui_demo.cpp">
      <Filter>external\imgui</Filter>
    </ClCompile>
    <ClCompile Include="External\imgui\backends\imgui_impl_win32.cpp">
      <Filter>external\imgui\backends</Filter>
    </ClCompile>
    <ClCompile Include="External\imgui\backends\imgui_impl_dx12.cpp">
      <Filter>external\imgui\backends</Filter>
    </ClCompile>
  </ItemGroup>
  <ItemGroup>
    <Midl Include="renderer\d3d12\dx12\d3d12.idl">
      <Filter>renderer\d3d12\D3D</Filter>
    </Midl>
    <Midl Include="renderer\d3d12\dx12\d3d12compatibility.idl">
      <Filter>renderer\d3d12\D3D</Filter>
    </Midl>
    <Midl Include="renderer\d3d12\dx12\d3d12sdklayers.idl">
      <Filter>renderer\d3d12\D3D</Filter>
    </Midl>
    <Midl Include="renderer\d3d12\dx12\d3d12video.idl">
      <Filter>renderer\d3d12\D3D</Filter>
    </Midl>
    <Midl Include="renderer\d3d12\dx12\d3dcommon.idl">
      <Filter>renderer\d3d12\D3D</Filter>
    </Midl>
    <Midl Include="renderer\d3d12\dx12\dxgicommon.idl">
      <Filter>renderer\d3d12\D3D</Filter>
    </Midl>
    <Midl Include="renderer\d3d12\dx12\dxgiformat.idl">
      <Filter>renderer\d3d12\D3D</Filter>
    </Midl>
  </ItemGroup>
  <ItemGroup>
    <None Include="assets\shaders\common_global.hlsli">
      <Filter>assets</Filter>
    </None>
    <None Include="assets\shaders\common_light.hlsli">
      <Filter>assets</Filter>
    </None>
    <None Include="assets\shaders\destructible.hlsl">
      <Filter>assets</Filter>
    </None>
    <None Include="assets\shaders\directional_light.hlsl">
      <Filter>assets</Filter>
    </None>
    <None Include="assets\shaders\directional_shadow.hlsl">
      <Filter>assets</Filter>
    </None>
    <None Include="assets\shaders\mesh_particle.hlsl">
      <Filter>assets</Filter>
    </None>
    <None Include="assets\shaders\point_light.hlsl">
      <Filter>assets</Filter>
    </None>
    <None Include="assets\shaders\screen_shader.hlsl">
      <Filter>assets</Filter>
    </None>
    <None Include="assets\shaders\skinned_model.hlsl">
      <Filter>assets</Filter>
    </None>
    <None Include="assets\shaders\sprite_particle.hlsl">
      <Filter>assets</Filter>
    </None>
    <None Include="assets\shaders\static_model.hlsl">
      <Filter>assets</Filter>
    </None>
    <None Include="assets\shaders\terrain.hlsl">
      <Filter>assets</Filter>
    </None>
    <None Include="assets\shaders\gaussian_splat_draw.hlsl">
      <Filter>assets</Filter>
    </None>
    <None Include="assets\shaders\gaussian_splat_sort.hlsl">
      <Filter>assets</Filter>
    </None>
  </ItemGroup>
</Project>