<?xml version="1.0" encoding="utf-8"?>
<Project ToolsVersion="4.0" xmlns="http://schemas.microsoft.com/developer/msbuild/2003">
  <ItemGroup>
    <None Include="assets\shaders\destructible.kbShader">
      <Filter>Shaders</Filter>
    </None>
    <None Include="assets\shaders\skinned_model.kbShader">
      <Filter>Shaders</Filter>
    </None>
    <None Include="assets\shaders\sprite_particle.kbShader">
      <Filter>Shaders</Filter>
    </None>
    <None Include="assets\shaders\mesh_particle.kbShader">
      <Filter>Shaders</Filter>
    </None>
    <None Include="assets\shaders\directional_light.kbShader">
      <Filter>Shaders</Filter>
    </None>
    <None Include="assets\shaders\static_model.kbShader">
      <Filter>Shaders</Filter>
    </None>
    <None Include="assets\shaders\point_light.kbShader">
      <Filter>Shaders</Filter>
    </None>
    <None Include="assets\shaders\directional_shadow.kbShader">
      <Filter>Shaders</Filter>
    </None>
  </ItemGroup>
  <ItemGroup>
    <Filter Include="Shaders">
      <UniqueIdentifier>{5bdba277-345a-40c2-adf9-24d886f33156}</UniqueIdentifier>
    </Filter>
    <Filter Include="src">
      <UniqueIdentifier>{0c57f1d9-3818-4a43-a5eb-0eb7091f4c82}</UniqueIdentifier>
    </Filter>
    <Filter Include="src\game">
      <UniqueIdentifier>{d678ca1e-ea4a-4eaf-b98d-188da6db8c9b}</UniqueIdentifier>
    </Filter>
  </ItemGroup>
  <ItemGroup>
    <ClCompile Include="src\main.cpp">
      <Filter>src</Filter>
    </ClCompile>
    <ClCompile Include="src\game\blaise_game.cpp">
      <Filter>src\game</Filter>
    </ClCompile>
    <ClCompile Include="src\game\blaise_game_gen.cpp">
      <Filter>src\game</Filter>
    </ClCompile>
    <ClCompile Include="src\game\UI\CannonUI.cpp">
      <Filter>src\game</Filter>
    </ClCompile>
    <ClCompile Include="src\game\CapOnIt\CapOnItLevelComponent.cpp">
      <Filter>src\game</Filter>
    </ClCompile>
  </ItemGroup>
  <ItemGroup>
    <ClInclude Include="src\main.h">
      <Filter>src</Filter>
    </ClInclude>
    <ClInclude Include="src\game\blaise_game.h">
      <Filter>src\game</Filter>
    </ClInclude>
    <ClInclude Include="src\game\blaise_game_gen.h">
      <Filter>src\game</Filter>
    </ClInclude>
    <ClInclude Include="src\game\UI\CannonUI.h">
      <Filter>src\game</Filter>
    </ClInclude>
    <ClInclude Include="src\game\CapOnIt\CapOnItLevelComponent.h">
      <Filter>src\game</Filter>
    </ClInclude>
  </ItemGroup>
</Project>